Microsoft Visual Studio Solution File, Format Version 12.00
# Visual Studio Version 17
VisualStudioVersion = 17.5.33103.201
MinimumVisualStudioVersion = 15.0.26124.0
Project("{9A19103F-16F7-4668-BE54-9A1E7A4F7556}") = "ReproApp", "ReproApp\ReproApp.csproj", "{A5B8155A-119F-4794-B551-C6F3CF7E5411}"
EndProject
Project("{9A19103F-16F7-4668-BE54-9A1E7A4F7556}") = "ReproApp.Mobile", "ReproApp.Mobile\ReproApp.Mobile.csproj", "{F6EED149-4CE1-4CD8-8B84-D1C8AF3FAA0F}"
EndProject
Project("{9A19103F-16F7-4668-BE54-9A1E7A4F7556}") = "ReproApp.Wasm", "ReproApp.Wasm\ReproApp.Wasm.csproj", "{40EA03F7-8A22-4143-B251-79BAC3EB13D2}"
EndProject
Project("{9A19103F-16F7-4668-BE54-9A1E7A4F7556}") = "ReproApp.Server", "ReproApp.Server\ReproApp.Server.csproj", "{40EA03F7-8A22-1234-B251-79BAC3EB13D2}"
EndProject
Project("{9A19103F-16F7-4668-BE54-9A1E7A4F7556}") = "ReproApp.Skia.Gtk", "ReproApp.Skia.Gtk\ReproApp.Skia.Gtk.csproj", "{A5B8155A-118F-4794-B551-C6F3CF7E5411}"
EndProject
Project("{9A19103F-16F7-4668-BE54-9A1E7A4F7556}") = "ReproApp.Skia.WPF", "ReproApp.Skia.WPF\ReproApp.Skia.WPF.csproj", "{3760D02D-D77C-4982-B272-969F75329E04}"
EndProject
Project("{9A19103F-16F7-4668-BE54-9A1E7A4F7556}") = "ReproApp.Windows", "ReproApp.Windows\ReproApp.Windows.csproj", "{1AA13270-F438-4864-9435-54FD806E10EA}"
EndProject
Project("{9A19103F-16F7-4668-BE54-9A1E7A4F7556}") = "ReproApp.Skia.Linux.FrameBuffer", "ReproApp.Skia.Linux.FrameBuffer\ReproApp.Skia.Linux.FrameBuffer.csproj", "{761D821E-9905-4444-9ADF-76C995FE5427}"
EndProject
Project("{2150E333-8FDC-42A3-9474-1A3956D46DE8}") = "Solution Items", "Solution Items", "{17944E03-AD34-414D-8E0A-8DD6753BE6AA}"
	ProjectSection(SolutionItems) = preProject
		Directory.Build.props = Directory.Build.props
		Directory.Build.targets = Directory.Build.targets
	EndProjectSection
EndProject
Global
	GlobalSection(SolutionConfigurationPlatforms) = preSolution
		Debug|Any CPU = Debug|Any CPU
		Debug|ARM = Debug|ARM
		Debug|ARM64 = Debug|ARM64
		Debug|iPhone = Debug|iPhone
		Debug|iPhoneSimulator = Debug|iPhoneSimulator
		Debug|x64 = Debug|x64
		Debug|x86 = Debug|x86
		Release|Any CPU = Release|Any CPU
		Release|ARM = Release|ARM
		Release|ARM64 = Release|ARM64
		Release|iPhone = Release|iPhone
		Release|iPhoneSimulator = Release|iPhoneSimulator
		Release|x64 = Release|x64
		Release|x86 = Release|x86
	EndGlobalSection
	GlobalSection(ProjectConfigurationPlatforms) = postSolution
		{A5B8155A-119F-4794-B551-C6F3CF7E5411}.Debug|Any CPU.ActiveCfg = Debug|Any CPU
		{A5B8155A-119F-4794-B551-C6F3CF7E5411}.Debug|Any CPU.Build.0 = Debug|Any CPU
		{A5B8155A-119F-4794-B551-C6F3CF7E5411}.Debug|ARM.ActiveCfg = Debug|Any CPU
		{A5B8155A-119F-4794-B551-C6F3CF7E5411}.Debug|ARM.Build.0 = Debug|Any CPU
		{A5B8155A-119F-4794-B551-C6F3CF7E5411}.Debug|ARM64.ActiveCfg = Debug|Any CPU
		{A5B8155A-119F-4794-B551-C6F3CF7E5411}.Debug|ARM64.Build.0 = Debug|Any CPU
		{A5B8155A-119F-4794-B551-C6F3CF7E5411}.Debug|iPhone.ActiveCfg = Debug|Any CPU
		{A5B8155A-119F-4794-B551-C6F3CF7E5411}.Debug|iPhone.Build.0 = Debug|Any CPU
		{A5B8155A-119F-4794-B551-C6F3CF7E5411}.Debug|iPhoneSimulator.ActiveCfg = Debug|Any CPU
		{A5B8155A-119F-4794-B551-C6F3CF7E5411}.Debug|iPhoneSimulator.Build.0 = Debug|Any CPU
		{A5B8155A-119F-4794-B551-C6F3CF7E5411}.Debug|x64.ActiveCfg = Debug|Any CPU
		{A5B8155A-119F-4794-B551-C6F3CF7E5411}.Debug|x64.Build.0 = Debug|Any CPU
		{A5B8155A-119F-4794-B551-C6F3CF7E5411}.Debug|x86.ActiveCfg = Debug|Any CPU
		{A5B8155A-119F-4794-B551-C6F3CF7E5411}.Debug|x86.Build.0 = Debug|Any CPU
		{A5B8155A-119F-4794-B551-C6F3CF7E5411}.Release|Any CPU.ActiveCfg = Release|Any CPU
		{A5B8155A-119F-4794-B551-C6F3CF7E5411}.Release|Any CPU.Build.0 = Release|Any CPU
		{A5B8155A-119F-4794-B551-C6F3CF7E5411}.Release|ARM.ActiveCfg = Release|Any CPU
		{A5B8155A-119F-4794-B551-C6F3CF7E5411}.Release|ARM.Build.0 = Release|Any CPU
		{A5B8155A-119F-4794-B551-C6F3CF7E5411}.Release|ARM64.ActiveCfg = Release|Any CPU
		{A5B8155A-119F-4794-B551-C6F3CF7E5411}.Release|ARM64.Build.0 = Release|Any CPU
		{A5B8155A-119F-4794-B551-C6F3CF7E5411}.Release|iPhone.ActiveCfg = Release|Any CPU
		{A5B8155A-119F-4794-B551-C6F3CF7E5411}.Release|iPhone.Build.0 = Release|Any CPU
		{A5B8155A-119F-4794-B551-C6F3CF7E5411}.Release|iPhoneSimulator.ActiveCfg = Release|Any CPU
		{A5B8155A-119F-4794-B551-C6F3CF7E5411}.Release|iPhoneSimulator.Build.0 = Release|Any CPU
		{A5B8155A-119F-4794-B551-C6F3CF7E5411}.Release|x64.ActiveCfg = Release|Any CPU
		{A5B8155A-119F-4794-B551-C6F3CF7E5411}.Release|x64.Build.0 = Release|Any CPU
		{A5B8155A-119F-4794-B551-C6F3CF7E5411}.Release|x86.ActiveCfg = Release|Any CPU
		{A5B8155A-119F-4794-B551-C6F3CF7E5411}.Release|x86.Build.0 = Release|Any CPU
		{F6EED149-4CE1-4CD8-8B84-D1C8AF3FAA0F}.Debug|Any CPU.ActiveCfg = Debug|Any CPU
		{F6EED149-4CE1-4CD8-8B84-D1C8AF3FAA0F}.Debug|Any CPU.Build.0 = Debug|Any CPU
		{F6EED149-4CE1-4CD8-8B84-D1C8AF3FAA0F}.Debug|Any CPU.Deploy.0 = Debug|Any CPU
		{F6EED149-4CE1-4CD8-8B84-D1C8AF3FAA0F}.Debug|ARM.ActiveCfg = Debug|Any CPU
		{F6EED149-4CE1-4CD8-8B84-D1C8AF3FAA0F}.Debug|ARM.Build.0 = Debug|Any CPU
		{F6EED149-4CE1-4CD8-8B84-D1C8AF3FAA0F}.Debug|ARM.Deploy.0 = Debug|Any CPU
		{F6EED149-4CE1-4CD8-8B84-D1C8AF3FAA0F}.Debug|ARM64.ActiveCfg = Debug|Any CPU
		{F6EED149-4CE1-4CD8-8B84-D1C8AF3FAA0F}.Debug|ARM64.Build.0 = Debug|Any CPU
		{F6EED149-4CE1-4CD8-8B84-D1C8AF3FAA0F}.Debug|ARM64.Deploy.0 = Debug|Any CPU
		{F6EED149-4CE1-4CD8-8B84-D1C8AF3FAA0F}.Debug|iPhone.ActiveCfg = Debug|Any CPU
		{F6EED149-4CE1-4CD8-8B84-D1C8AF3FAA0F}.Debug|iPhone.Build.0 = Debug|Any CPU
		{F6EED149-4CE1-4CD8-8B84-D1C8AF3FAA0F}.Debug|iPhone.Deploy.0 = Debug|Any CPU
		{F6EED149-4CE1-4CD8-8B84-D1C8AF3FAA0F}.Debug|iPhoneSimulator.ActiveCfg = Debug|Any CPU
		{F6EED149-4CE1-4CD8-8B84-D1C8AF3FAA0F}.Debug|iPhoneSimulator.Build.0 = Debug|Any CPU
		{F6EED149-4CE1-4CD8-8B84-D1C8AF3FAA0F}.Debug|iPhoneSimulator.Deploy.0 = Debug|Any CPU
		{F6EED149-4CE1-4CD8-8B84-D1C8AF3FAA0F}.Debug|x64.ActiveCfg = Debug|Any CPU
		{F6EED149-4CE1-4CD8-8B84-D1C8AF3FAA0F}.Debug|x64.Build.0 = Debug|Any CPU
		{F6EED149-4CE1-4CD8-8B84-D1C8AF3FAA0F}.Debug|x64.Deploy.0 = Debug|Any CPU
		{F6EED149-4CE1-4CD8-8B84-D1C8AF3FAA0F}.Debug|x86.ActiveCfg = Debug|Any CPU
		{F6EED149-4CE1-4CD8-8B84-D1C8AF3FAA0F}.Debug|x86.Build.0 = Debug|Any CPU
		{F6EED149-4CE1-4CD8-8B84-D1C8AF3FAA0F}.Debug|x86.Deploy.0 = Debug|Any CPU
		{F6EED149-4CE1-4CD8-8B84-D1C8AF3FAA0F}.Release|Any CPU.ActiveCfg = Release|Any CPU
		{F6EED149-4CE1-4CD8-8B84-D1C8AF3FAA0F}.Release|Any CPU.Build.0 = Release|Any CPU
		{F6EED149-4CE1-4CD8-8B84-D1C8AF3FAA0F}.Release|Any CPU.Deploy.0 = Release|Any CPU
		{F6EED149-4CE1-4CD8-8B84-D1C8AF3FAA0F}.Release|ARM.ActiveCfg = Release|Any CPU
		{F6EED149-4CE1-4CD8-8B84-D1C8AF3FAA0F}.Release|ARM.Build.0 = Release|Any CPU
		{F6EED149-4CE1-4CD8-8B84-D1C8AF3FAA0F}.Release|ARM.Deploy.0 = Release|Any CPU
		{F6EED149-4CE1-4CD8-8B84-D1C8AF3FAA0F}.Release|ARM64.ActiveCfg = Release|Any CPU
		{F6EED149-4CE1-4CD8-8B84-D1C8AF3FAA0F}.Release|ARM64.Build.0 = Release|Any CPU
		{F6EED149-4CE1-4CD8-8B84-D1C8AF3FAA0F}.Release|ARM64.Deploy.0 = Release|Any CPU
		{F6EED149-4CE1-4CD8-8B84-D1C8AF3FAA0F}.Release|iPhone.ActiveCfg = Release|Any CPU
		{F6EED149-4CE1-4CD8-8B84-D1C8AF3FAA0F}.Release|iPhone.Build.0 = Release|Any CPU
		{F6EED149-4CE1-4CD8-8B84-D1C8AF3FAA0F}.Release|iPhone.Deploy.0 = Release|Any CPU
		{F6EED149-4CE1-4CD8-8B84-D1C8AF3FAA0F}.Release|iPhoneSimulator.ActiveCfg = Release|Any CPU
		{F6EED149-4CE1-4CD8-8B84-D1C8AF3FAA0F}.Release|iPhoneSimulator.Build.0 = Release|Any CPU
		{F6EED149-4CE1-4CD8-8B84-D1C8AF3FAA0F}.Release|iPhoneSimulator.Deploy.0 = Release|Any CPU
		{F6EED149-4CE1-4CD8-8B84-D1C8AF3FAA0F}.Release|x64.ActiveCfg = Release|Any CPU
		{F6EED149-4CE1-4CD8-8B84-D1C8AF3FAA0F}.Release|x64.Build.0 = Release|Any CPU
		{F6EED149-4CE1-4CD8-8B84-D1C8AF3FAA0F}.Release|x64.Deploy.0 = Release|Any CPU
		{F6EED149-4CE1-4CD8-8B84-D1C8AF3FAA0F}.Release|x86.ActiveCfg = Release|Any CPU
		{F6EED149-4CE1-4CD8-8B84-D1C8AF3FAA0F}.Release|x86.Build.0 = Release|Any CPU
		{F6EED149-4CE1-4CD8-8B84-D1C8AF3FAA0F}.Release|x86.Deploy.0 = Release|Any CPU
		{40EA03F7-8A22-4143-B251-79BAC3EB13D2}.Debug|Any CPU.ActiveCfg = Debug|Any CPU
		{40EA03F7-8A22-4143-B251-79BAC3EB13D2}.Debug|Any CPU.Build.0 = Debug|Any CPU
		{40EA03F7-8A22-4143-B251-79BAC3EB13D2}.Debug|ARM.ActiveCfg = Debug|Any CPU
		{40EA03F7-8A22-4143-B251-79BAC3EB13D2}.Debug|ARM.Build.0 = Debug|Any CPU
		{40EA03F7-8A22-4143-B251-79BAC3EB13D2}.Debug|ARM64.ActiveCfg = Debug|Any CPU
		{40EA03F7-8A22-4143-B251-79BAC3EB13D2}.Debug|ARM64.Build.0 = Debug|Any CPU
		{40EA03F7-8A22-4143-B251-79BAC3EB13D2}.Debug|iPhone.ActiveCfg = Debug|Any CPU
		{40EA03F7-8A22-4143-B251-79BAC3EB13D2}.Debug|iPhone.Build.0 = Debug|Any CPU
		{40EA03F7-8A22-4143-B251-79BAC3EB13D2}.Debug|iPhoneSimulator.ActiveCfg = Debug|Any CPU
		{40EA03F7-8A22-4143-B251-79BAC3EB13D2}.Debug|iPhoneSimulator.Build.0 = Debug|Any CPU
		{40EA03F7-8A22-4143-B251-79BAC3EB13D2}.Debug|x64.ActiveCfg = Debug|Any CPU
		{40EA03F7-8A22-4143-B251-79BAC3EB13D2}.Debug|x64.Build.0 = Debug|Any CPU
		{40EA03F7-8A22-4143-B251-79BAC3EB13D2}.Debug|x86.ActiveCfg = Debug|Any CPU
		{40EA03F7-8A22-4143-B251-79BAC3EB13D2}.Debug|x86.Build.0 = Debug|Any CPU
		{40EA03F7-8A22-4143-B251-79BAC3EB13D2}.Release|Any CPU.ActiveCfg = Release|Any CPU
		{40EA03F7-8A22-4143-B251-79BAC3EB13D2}.Release|Any CPU.Build.0 = Release|Any CPU
		{40EA03F7-8A22-4143-B251-79BAC3EB13D2}.Release|ARM.ActiveCfg = Release|Any CPU
		{40EA03F7-8A22-4143-B251-79BAC3EB13D2}.Release|ARM.Build.0 = Release|Any CPU
		{40EA03F7-8A22-4143-B251-79BAC3EB13D2}.Release|ARM64.ActiveCfg = Release|Any CPU
		{40EA03F7-8A22-4143-B251-79BAC3EB13D2}.Release|ARM64.Build.0 = Release|Any CPU
		{40EA03F7-8A22-4143-B251-79BAC3EB13D2}.Release|iPhone.ActiveCfg = Release|Any CPU
		{40EA03F7-8A22-4143-B251-79BAC3EB13D2}.Release|iPhone.Build.0 = Release|Any CPU
		{40EA03F7-8A22-4143-B251-79BAC3EB13D2}.Release|iPhoneSimulator.ActiveCfg = Release|Any CPU
		{40EA03F7-8A22-4143-B251-79BAC3EB13D2}.Release|iPhoneSimulator.Build.0 = Release|Any CPU
		{40EA03F7-8A22-4143-B251-79BAC3EB13D2}.Release|x64.ActiveCfg = Release|Any CPU
		{40EA03F7-8A22-4143-B251-79BAC3EB13D2}.Release|x64.Build.0 = Release|Any CPU
		{40EA03F7-8A22-4143-B251-79BAC3EB13D2}.Release|x86.ActiveCfg = Release|Any CPU
		{40EA03F7-8A22-4143-B251-79BAC3EB13D2}.Release|x86.Build.0 = Release|Any CPU
		{40EA03F7-8A22-1234-B251-79BAC3EB13D2}.Debug|Any CPU.ActiveCfg = Debug|Any CPU
		{40EA03F7-8A22-1234-B251-79BAC3EB13D2}.Debug|Any CPU.Build.0 = Debug|Any CPU
		{40EA03F7-8A22-1234-B251-79BAC3EB13D2}.Debug|ARM.ActiveCfg = Debug|Any CPU
		{40EA03F7-8A22-1234-B251-79BAC3EB13D2}.Debug|ARM.Build.0 = Debug|Any CPU
		{40EA03F7-8A22-1234-B251-79BAC3EB13D2}.Debug|ARM64.ActiveCfg = Debug|Any CPU
		{40EA03F7-8A22-1234-B251-79BAC3EB13D2}.Debug|ARM64.Build.0 = Debug|Any CPU
		{40EA03F7-8A22-1234-B251-79BAC3EB13D2}.Debug|iPhone.ActiveCfg = Debug|Any CPU
		{40EA03F7-8A22-1234-B251-79BAC3EB13D2}.Debug|iPhone.Build.0 = Debug|Any CPU
		{40EA03F7-8A22-1234-B251-79BAC3EB13D2}.Debug|iPhoneSimulator.ActiveCfg = Debug|Any CPU
		{40EA03F7-8A22-1234-B251-79BAC3EB13D2}.Debug|iPhoneSimulator.Build.0 = Debug|Any CPU
		{40EA03F7-8A22-1234-B251-79BAC3EB13D2}.Debug|x64.ActiveCfg = Debug|Any CPU
		{40EA03F7-8A22-1234-B251-79BAC3EB13D2}.Debug|x64.Build.0 = Debug|Any CPU
		{40EA03F7-8A22-1234-B251-79BAC3EB13D2}.Debug|x86.ActiveCfg = Debug|Any CPU
		{40EA03F7-8A22-1234-B251-79BAC3EB13D2}.Debug|x86.Build.0 = Debug|Any CPU
		{40EA03F7-8A22-1234-B251-79BAC3EB13D2}.Release|Any CPU.ActiveCfg = Release|Any CPU
		{40EA03F7-8A22-1234-B251-79BAC3EB13D2}.Release|Any CPU.Build.0 = Release|Any CPU
		{40EA03F7-8A22-1234-B251-79BAC3EB13D2}.Release|ARM.ActiveCfg = Release|Any CPU
		{40EA03F7-8A22-1234-B251-79BAC3EB13D2}.Release|ARM.Build.0 = Release|Any CPU
		{40EA03F7-8A22-1234-B251-79BAC3EB13D2}.Release|ARM64.ActiveCfg = Release|Any CPU
		{40EA03F7-8A22-1234-B251-79BAC3EB13D2}.Release|ARM64.Build.0 = Release|Any CPU
		{40EA03F7-8A22-1234-B251-79BAC3EB13D2}.Release|iPhone.ActiveCfg = Release|Any CPU
		{40EA03F7-8A22-1234-B251-79BAC3EB13D2}.Release|iPhone.Build.0 = Release|Any CPU
		{40EA03F7-8A22-1234-B251-79BAC3EB13D2}.Release|iPhoneSimulator.ActiveCfg = Release|Any CPU
		{40EA03F7-8A22-1234-B251-79BAC3EB13D2}.Release|iPhoneSimulator.Build.0 = Release|Any CPU
		{40EA03F7-8A22-1234-B251-79BAC3EB13D2}.Release|x64.ActiveCfg = Release|Any CPU
		{40EA03F7-8A22-1234-B251-79BAC3EB13D2}.Release|x64.Build.0 = Release|Any CPU
		{40EA03F7-8A22-1234-B251-79BAC3EB13D2}.Release|x86.ActiveCfg = Release|Any CPU
		{40EA03F7-8A22-1234-B251-79BAC3EB13D2}.Release|x86.Build.0 = Release|Any CPU
		{A5B8155A-118F-4794-B551-C6F3CF7E5411}.Debug|Any CPU.ActiveCfg = Debug|Any CPU
		{A5B8155A-118F-4794-B551-C6F3CF7E5411}.Debug|Any CPU.Build.0 = Debug|Any CPU
		{A5B8155A-118F-4794-B551-C6F3CF7E5411}.Debug|ARM.ActiveCfg = Debug|Any CPU
		{A5B8155A-118F-4794-B551-C6F3CF7E5411}.Debug|ARM.Build.0 = Debug|Any CPU
		{A5B8155A-118F-4794-B551-C6F3CF7E5411}.Debug|ARM64.ActiveCfg = Debug|Any CPU
		{A5B8155A-118F-4794-B551-C6F3CF7E5411}.Debug|ARM64.Build.0 = Debug|Any CPU
		{A5B8155A-118F-4794-B551-C6F3CF7E5411}.Debug|iPhone.ActiveCfg = Debug|Any CPU
		{A5B8155A-118F-4794-B551-C6F3CF7E5411}.Debug|iPhone.Build.0 = Debug|Any CPU
		{A5B8155A-118F-4794-B551-C6F3CF7E5411}.Debug|iPhoneSimulator.ActiveCfg = Debug|Any CPU
		{A5B8155A-118F-4794-B551-C6F3CF7E5411}.Debug|iPhoneSimulator.Build.0 = Debug|Any CPU
		{A5B8155A-118F-4794-B551-C6F3CF7E5411}.Debug|x64.ActiveCfg = Debug|Any CPU
		{A5B8155A-118F-4794-B551-C6F3CF7E5411}.Debug|x64.Build.0 = Debug|Any CPU
		{A5B8155A-118F-4794-B551-C6F3CF7E5411}.Debug|x86.ActiveCfg = Debug|Any CPU
		{A5B8155A-118F-4794-B551-C6F3CF7E5411}.Debug|x86.Build.0 = Debug|Any CPU
		{A5B8155A-118F-4794-B551-C6F3CF7E5411}.Release|Any CPU.ActiveCfg = Release|Any CPU
		{A5B8155A-118F-4794-B551-C6F3CF7E5411}.Release|Any CPU.Build.0 = Release|Any CPU
		{A5B8155A-118F-4794-B551-C6F3CF7E5411}.Release|ARM.ActiveCfg = Release|Any CPU
		{A5B8155A-118F-4794-B551-C6F3CF7E5411}.Release|ARM.Build.0 = Release|Any CPU
		{A5B8155A-118F-4794-B551-C6F3CF7E5411}.Release|ARM64.ActiveCfg = Release|Any CPU
		{A5B8155A-118F-4794-B551-C6F3CF7E5411}.Release|ARM64.Build.0 = Release|Any CPU
		{A5B8155A-118F-4794-B551-C6F3CF7E5411}.Release|iPhone.ActiveCfg = Release|Any CPU
		{A5B8155A-118F-4794-B551-C6F3CF7E5411}.Release|iPhone.Build.0 = Release|Any CPU
		{A5B8155A-118F-4794-B551-C6F3CF7E5411}.Release|iPhoneSimulator.ActiveCfg = Release|Any CPU
		{A5B8155A-118F-4794-B551-C6F3CF7E5411}.Release|iPhoneSimulator.Build.0 = Release|Any CPU
		{A5B8155A-118F-4794-B551-C6F3CF7E5411}.Release|x64.ActiveCfg = Release|Any CPU
		{A5B8155A-118F-4794-B551-C6F3CF7E5411}.Release|x64.Build.0 = Release|Any CPU
		{A5B8155A-118F-4794-B551-C6F3CF7E5411}.Release|x86.ActiveCfg = Release|Any CPU
		{A5B8155A-118F-4794-B551-C6F3CF7E5411}.Release|x86.Build.0 = Release|Any CPU
		{3760D02D-D77C-4982-B272-969F75329E04}.Debug|Any CPU.ActiveCfg = Debug|Any CPU
		{3760D02D-D77C-4982-B272-969F75329E04}.Debug|Any CPU.Build.0 = Debug|Any CPU
		{3760D02D-D77C-4982-B272-969F75329E04}.Debug|Any CPU.Deploy.0 = Debug|Any CPU
		{3760D02D-D77C-4982-B272-969F75329E04}.Debug|ARM.ActiveCfg = Debug|Any CPU
		{3760D02D-D77C-4982-B272-969F75329E04}.Debug|ARM.Build.0 = Debug|Any CPU
		{3760D02D-D77C-4982-B272-969F75329E04}.Debug|ARM.Deploy.0 = Debug|Any CPU
		{3760D02D-D77C-4982-B272-969F75329E04}.Debug|ARM64.ActiveCfg = Debug|Any CPU
		{3760D02D-D77C-4982-B272-969F75329E04}.Debug|ARM64.Build.0 = Debug|Any CPU
		{3760D02D-D77C-4982-B272-969F75329E04}.Debug|ARM64.Deploy.0 = Debug|Any CPU
		{3760D02D-D77C-4982-B272-969F75329E04}.Debug|iPhone.ActiveCfg = Debug|Any CPU
		{3760D02D-D77C-4982-B272-969F75329E04}.Debug|iPhone.Build.0 = Debug|Any CPU
		{3760D02D-D77C-4982-B272-969F75329E04}.Debug|iPhone.Deploy.0 = Debug|Any CPU
		{3760D02D-D77C-4982-B272-969F75329E04}.Debug|iPhoneSimulator.ActiveCfg = Debug|Any CPU
		{3760D02D-D77C-4982-B272-969F75329E04}.Debug|iPhoneSimulator.Build.0 = Debug|Any CPU
		{3760D02D-D77C-4982-B272-969F75329E04}.Debug|iPhoneSimulator.Deploy.0 = Debug|Any CPU
		{3760D02D-D77C-4982-B272-969F75329E04}.Debug|x64.ActiveCfg = Debug|Any CPU
		{3760D02D-D77C-4982-B272-969F75329E04}.Debug|x64.Build.0 = Debug|Any CPU
		{3760D02D-D77C-4982-B272-969F75329E04}.Debug|x64.Deploy.0 = Debug|Any CPU
		{3760D02D-D77C-4982-B272-969F75329E04}.Debug|x86.ActiveCfg = Debug|Any CPU
		{3760D02D-D77C-4982-B272-969F75329E04}.Debug|x86.Build.0 = Debug|Any CPU
		{3760D02D-D77C-4982-B272-969F75329E04}.Debug|x86.Deploy.0 = Debug|Any CPU
		{3760D02D-D77C-4982-B272-969F75329E04}.Release|Any CPU.ActiveCfg = Release|Any CPU
		{3760D02D-D77C-4982-B272-969F75329E04}.Release|Any CPU.Build.0 = Release|Any CPU
		{3760D02D-D77C-4982-B272-969F75329E04}.Release|ARM.ActiveCfg = Release|Any CPU
		{3760D02D-D77C-4982-B272-969F75329E04}.Release|ARM.Build.0 = Release|Any CPU
		{3760D02D-D77C-4982-B272-969F75329E04}.Release|ARM.Deploy.0 = Release|Any CPU
		{3760D02D-D77C-4982-B272-969F75329E04}.Release|ARM64.ActiveCfg = Release|Any CPU
		{3760D02D-D77C-4982-B272-969F75329E04}.Release|ARM64.Build.0 = Release|Any CPU
		{3760D02D-D77C-4982-B272-969F75329E04}.Release|ARM64.Deploy.0 = Release|Any CPU
		{3760D02D-D77C-4982-B272-969F75329E04}.Release|iPhone.ActiveCfg = Release|Any CPU
		{3760D02D-D77C-4982-B272-969F75329E04}.Release|iPhone.Build.0 = Release|Any CPU
		{3760D02D-D77C-4982-B272-969F75329E04}.Release|iPhoneSimulator.ActiveCfg = Release|Any CPU
		{3760D02D-D77C-4982-B272-969F75329E04}.Release|iPhoneSimulator.Build.0 = Release|Any CPU
		{3760D02D-D77C-4982-B272-969F75329E04}.Release|iPhoneSimulator.Deploy.0 = Release|Any CPU
		{3760D02D-D77C-4982-B272-969F75329E04}.Release|x64.ActiveCfg = Release|Any CPU
		{3760D02D-D77C-4982-B272-969F75329E04}.Release|x64.Build.0 = Release|Any CPU
		{3760D02D-D77C-4982-B272-969F75329E04}.Release|x64.Deploy.0 = Release|Any CPU
		{3760D02D-D77C-4982-B272-969F75329E04}.Release|x86.ActiveCfg = Release|Any CPU
		{3760D02D-D77C-4982-B272-969F75329E04}.Release|x86.Build.0 = Release|Any CPU
		{3760D02D-D77C-4982-B272-969F75329E04}.Release|x86.Deploy.0 = Release|Any CPU
		{1AA13270-F438-4864-9435-54FD806E10EA}.Debug|Any CPU.ActiveCfg = Debug|x86
		{1AA13270-F438-4864-9435-54FD806E10EA}.Debug|Any CPU.Build.0 = Debug|x86
		{1AA13270-F438-4864-9435-54FD806E10EA}.Debug|Any CPU.Deploy.0 = Debug|x86
		{1AA13270-F438-4864-9435-54FD806E10EA}.Debug|ARM.ActiveCfg = Debug|Any CPU
		{1AA13270-F438-4864-9435-54FD806E10EA}.Debug|ARM.Build.0 = Debug|Any CPU
		{1AA13270-F438-4864-9435-54FD806E10EA}.Debug|ARM64.ActiveCfg = Debug|x86
		{1AA13270-F438-4864-9435-54FD806E10EA}.Debug|ARM64.Build.0 = Debug|x86
		{1AA13270-F438-4864-9435-54FD806E10EA}.Debug|iPhone.ActiveCfg = Debug|Any CPU
		{1AA13270-F438-4864-9435-54FD806E10EA}.Debug|iPhone.Build.0 = Debug|Any CPU
		{1AA13270-F438-4864-9435-54FD806E10EA}.Debug|iPhoneSimulator.ActiveCfg = Debug|Any CPU
		{1AA13270-F438-4864-9435-54FD806E10EA}.Debug|iPhoneSimulator.Build.0 = Debug|Any CPU
		{1AA13270-F438-4864-9435-54FD806E10EA}.Debug|x64.ActiveCfg = Debug|x64
		{1AA13270-F438-4864-9435-54FD806E10EA}.Debug|x64.Build.0 = Debug|x64
		{1AA13270-F438-4864-9435-54FD806E10EA}.Debug|x64.Deploy.0 = Debug|x64
		{1AA13270-F438-4864-9435-54FD806E10EA}.Debug|x86.ActiveCfg = Debug|x86
		{1AA13270-F438-4864-9435-54FD806E10EA}.Debug|x86.Build.0 = Debug|x86
		{1AA13270-F438-4864-9435-54FD806E10EA}.Debug|x86.Deploy.0 = Debug|x86
		{1AA13270-F438-4864-9435-54FD806E10EA}.Release|Any CPU.ActiveCfg = Release|Any CPU
		{1AA13270-F438-4864-9435-54FD806E10EA}.Release|Any CPU.Build.0 = Release|Any CPU
		{1AA13270-F438-4864-9435-54FD806E10EA}.Release|Any CPU.Deploy.0 = Release|Any CPU
		{1AA13270-F438-4864-9435-54FD806E10EA}.Release|ARM.ActiveCfg = Release|Any CPU
		{1AA13270-F438-4864-9435-54FD806E10EA}.Release|ARM.Build.0 = Release|Any CPU
		{1AA13270-F438-4864-9435-54FD806E10EA}.Release|ARM64.ActiveCfg = Release|x86
		{1AA13270-F438-4864-9435-54FD806E10EA}.Release|ARM64.Build.0 = Release|x86
		{1AA13270-F438-4864-9435-54FD806E10EA}.Release|iPhone.ActiveCfg = Release|Any CPU
		{1AA13270-F438-4864-9435-54FD806E10EA}.Release|iPhone.Build.0 = Release|Any CPU
		{1AA13270-F438-4864-9435-54FD806E10EA}.Release|iPhoneSimulator.ActiveCfg = Release|Any CPU
		{1AA13270-F438-4864-9435-54FD806E10EA}.Release|iPhoneSimulator.Build.0 = Release|Any CPU
		{1AA13270-F438-4864-9435-54FD806E10EA}.Release|x64.ActiveCfg = Release|x64
		{1AA13270-F438-4864-9435-54FD806E10EA}.Release|x64.Build.0 = Release|x64
		{1AA13270-F438-4864-9435-54FD806E10EA}.Release|x64.Deploy.0 = Release|x64
		{1AA13270-F438-4864-9435-54FD806E10EA}.Release|x86.ActiveCfg = Release|x86
		{1AA13270-F438-4864-9435-54FD806E10EA}.Release|x86.Build.0 = Release|x86
		{1AA13270-F438-4864-9435-54FD806E10EA}.Release|x86.Deploy.0 = Release|x86
		{761D821E-9905-4444-9ADF-76C995FE5427}.Debug|Any CPU.ActiveCfg = Debug|Any CPU
		{761D821E-9905-4444-9ADF-76C995FE5427}.Debug|Any CPU.Build.0 = Debug|Any CPU
		{761D821E-9905-4444-9ADF-76C995FE5427}.Debug|ARM.ActiveCfg = Debug|Any CPU
		{761D821E-9905-4444-9ADF-76C995FE5427}.Debug|ARM.Build.0 = Debug|Any CPU
		{761D821E-9905-4444-9ADF-76C995FE5427}.Debug|ARM64.ActiveCfg = Debug|Any CPU
		{761D821E-9905-4444-9ADF-76C995FE5427}.Debug|ARM64.Build.0 = Debug|Any CPU
		{761D821E-9905-4444-9ADF-76C995FE5427}.Debug|iPhone.ActiveCfg = Debug|Any CPU
		{761D821E-9905-4444-9ADF-76C995FE5427}.Debug|iPhone.Build.0 = Debug|Any CPU
		{761D821E-9905-4444-9ADF-76C995FE5427}.Debug|iPhoneSimulator.ActiveCfg = Debug|Any CPU
		{761D821E-9905-4444-9ADF-76C995FE5427}.Debug|iPhoneSimulator.Build.0 = Debug|Any CPU
		{761D821E-9905-4444-9ADF-76C995FE5427}.Debug|x64.ActiveCfg = Debug|Any CPU
		{761D821E-9905-4444-9ADF-76C995FE5427}.Debug|x64.Build.0 = Debug|Any CPU
		{761D821E-9905-4444-9ADF-76C995FE5427}.Debug|x86.ActiveCfg = Debug|Any CPU
		{761D821E-9905-4444-9ADF-76C995FE5427}.Debug|x86.Build.0 = Debug|Any CPU
		{761D821E-9905-4444-9ADF-76C995FE5427}.Release|Any CPU.ActiveCfg = Release|Any CPU
		{761D821E-9905-4444-9ADF-76C995FE5427}.Release|Any CPU.Build.0 = Release|Any CPU
		{761D821E-9905-4444-9ADF-76C995FE5427}.Release|ARM.ActiveCfg = Release|Any CPU
		{761D821E-9905-4444-9ADF-76C995FE5427}.Release|ARM.Build.0 = Release|Any CPU
		{761D821E-9905-4444-9ADF-76C995FE5427}.Release|ARM64.ActiveCfg = Release|Any CPU
		{761D821E-9905-4444-9ADF-76C995FE5427}.Release|ARM64.Build.0 = Release|Any CPU
		{761D821E-9905-4444-9ADF-76C995FE5427}.Release|iPhone.ActiveCfg = Release|Any CPU
		{761D821E-9905-4444-9ADF-76C995FE5427}.Release|iPhone.Build.0 = Release|Any CPU
		{761D821E-9905-4444-9ADF-76C995FE5427}.Release|iPhoneSimulator.ActiveCfg = Release|Any CPU
		{761D821E-9905-4444-9ADF-76C995FE5427}.Release|iPhoneSimulator.Build.0 = Release|Any CPU
		{761D821E-9905-4444-9ADF-76C995FE5427}.Release|x64.ActiveCfg = Release|Any CPU
		{761D821E-9905-4444-9ADF-76C995FE5427}.Release|x64.Build.0 = Release|Any CPU
		{761D821E-9905-4444-9ADF-76C995FE5427}.Release|x86.ActiveCfg = Release|Any CPU
		{761D821E-9905-4444-9ADF-76C995FE5427}.Release|x86.Build.0 = Release|Any CPU
	EndGlobalSection
	GlobalSection(SolutionProperties) = preSolution
		HideSolutionNode = FALSE
	EndGlobalSection
	GlobalSection(ExtensibilityGlobals) = postSolution
		SolutionGuid = {C7433AE2-B1A0-4C1A-887E-5CAA7AAF67A6}
	EndGlobalSection
EndGlobal
